
Microsoft Visual Studio Solution File, Format Version 12.00
# Visual Studio Version 17
VisualStudioVersion = 17.0.32014.148
MinimumVisualStudioVersion = 10.0.40219.1
Project("{2150E333-8FDC-42A3-9474-1A3956D46DE8}") = "Core", "Core", "{575B3713-FA43-4DDA-A45C-9F141FF2697E}"
EndProject
Project("{2150E333-8FDC-42A3-9474-1A3956D46DE8}") = "Infastructure", "Infastructure", "{A5ADB812-9F99-47C8-AF78-0F5BB5745BFE}"
EndProject
Project("{2150E333-8FDC-42A3-9474-1A3956D46DE8}") = "Presentation", "Presentation", "{3CF040E1-6090-49BE-8800-5EFDA9991179}"
EndProject
Project("{9A19103F-16F7-4668-BE54-9A1E7A4F7556}") = "GitHubProjectSearcher.Domain", "src\GitHubProjectSearcher.Domain\GitHubProjectSearcher.Domain.csproj", "{C30B535D-1370-483E-AEC5-3CCD9EA69B26}"
EndProject
Project("{9A19103F-16F7-4668-BE54-9A1E7A4F7556}") = "GitHubProjectSearcher.Application", "src\GitHubProjectSearcher.Application\GitHubProjectSearcher.Application.csproj", "{C052D4B4-D089-4E77-BC27-64233CD8170E}"
EndProject
Project("{9A19103F-16F7-4668-BE54-9A1E7A4F7556}") = "GitHubProjectSearcher.Persistence", "src\GitHubProjectSearcher.Persistence\GitHubProjectSearcher.Persistence.csproj", "{1FFB38DC-E848-4A86-9BFD-1E78DCC6A98E}"
EndProject
Project("{9A19103F-16F7-4668-BE54-9A1E7A4F7556}") = "GitHubProjectSearcher.Api", "src\GitHubProjectSearcher.Api\GitHubProjectSearcher.Api.csproj", "{DF3D5C0C-7E64-43E8-ADA4-B17048A06F25}"
EndProject
Project("{2150E333-8FDC-42A3-9474-1A3956D46DE8}") = "Tests", "Tests", "{40A7AF71-3E57-425C-8DDB-78E3C00EBA9A}"
EndProject
Project("{9A19103F-16F7-4668-BE54-9A1E7A4F7556}") = "Api.Tests", "src\Api.Tests\Api.Tests.csproj", "{E9633D5A-DD62-4B99-A06F-4A25443FD77E}"
EndProject
Project("{9A19103F-16F7-4668-BE54-9A1E7A4F7556}") = "IdentityServer", "src\IdentityServer\IdentityServer\IdentityServer.csproj", "{B96269C0-B62A-4C08-A727-7C1DA35E926A}"
EndProject
Project("{9A19103F-16F7-4668-BE54-9A1E7A4F7556}") = "GitHubProjectSearcher.Web", "src\GitHubProjectSearcher.Web\GitHubProjectSearcher.Web.csproj", "{9CEACD1D-45D4-4E59-B269-DC86356C4557}"
EndProject
Global
	GlobalSection(SolutionConfigurationPlatforms) = preSolution
		Debug|Any CPU = Debug|Any CPU
		Release|Any CPU = Release|Any CPU
	EndGlobalSection
	GlobalSection(ProjectConfigurationPlatforms) = postSolution
		{C30B535D-1370-483E-AEC5-3CCD9EA69B26}.Debug|Any CPU.ActiveCfg = Debug|Any CPU
		{C30B535D-1370-483E-AEC5-3CCD9EA69B26}.Debug|Any CPU.Build.0 = Debug|Any CPU
		{C30B535D-1370-483E-AEC5-3CCD9EA69B26}.Release|Any CPU.ActiveCfg = Release|Any CPU
		{C30B535D-1370-483E-AEC5-3CCD9EA69B26}.Release|Any CPU.Build.0 = Release|Any CPU
		{C052D4B4-D089-4E77-BC27-64233CD8170E}.Debug|Any CPU.ActiveCfg = Debug|Any CPU
		{C052D4B4-D089-4E77-BC27-64233CD8170E}.Debug|Any CPU.Build.0 = Debug|Any CPU
		{C052D4B4-D089-4E77-BC27-64233CD8170E}.Release|Any CPU.ActiveCfg = Release|Any CPU
		{C052D4B4-D089-4E77-BC27-64233CD8170E}.Release|Any CPU.Build.0 = Release|Any CPU
		{1FFB38DC-E848-4A86-9BFD-1E78DCC6A98E}.Debug|Any CPU.ActiveCfg = Debug|Any CPU
		{1FFB38DC-E848-4A86-9BFD-1E78DCC6A98E}.Debug|Any CPU.Build.0 = Debug|Any CPU
		{1FFB38DC-E848-4A86-9BFD-1E78DCC6A98E}.Release|Any CPU.ActiveCfg = Release|Any CPU
		{1FFB38DC-E848-4A86-9BFD-1E78DCC6A98E}.Release|Any CPU.Build.0 = Release|Any CPU
		{DF3D5C0C-7E64-43E8-ADA4-B17048A06F25}.Debug|Any CPU.ActiveCfg = Debug|Any CPU
		{DF3D5C0C-7E64-43E8-ADA4-B17048A06F25}.Debug|Any CPU.Build.0 = Debug|Any CPU
		{DF3D5C0C-7E64-43E8-ADA4-B17048A06F25}.Release|Any CPU.ActiveCfg = Release|Any CPU
		{DF3D5C0C-7E64-43E8-ADA4-B17048A06F25}.Release|Any CPU.Build.0 = Release|Any CPU
		{E9633D5A-DD62-4B99-A06F-4A25443FD77E}.Debug|Any CPU.ActiveCfg = Debug|Any CPU
		{E9633D5A-DD62-4B99-A06F-4A25443FD77E}.Debug|Any CPU.Build.0 = Debug|Any CPU
		{E9633D5A-DD62-4B99-A06F-4A25443FD77E}.Release|Any CPU.ActiveCfg = Release|Any CPU
		{E9633D5A-DD62-4B99-A06F-4A25443FD77E}.Release|Any CPU.Build.0 = Release|Any CPU
		{B96269C0-B62A-4C08-A727-7C1DA35E926A}.Debug|Any CPU.ActiveCfg = Debug|Any CPU
		{B96269C0-B62A-4C08-A727-7C1DA35E926A}.Debug|Any CPU.Build.0 = Debug|Any CPU
		{B96269C0-B62A-4C08-A727-7C1DA35E926A}.Release|Any CPU.ActiveCfg = Release|Any CPU
		{B96269C0-B62A-4C08-A727-7C1DA35E926A}.Release|Any CPU.Build.0 = Release|Any CPU
		{9CEACD1D-45D4-4E59-B269-DC86356C4557}.Debug|Any CPU.ActiveCfg = Debug|Any CPU
		{9CEACD1D-45D4-4E59-B269-DC86356C4557}.Debug|Any CPU.Build.0 = Debug|Any CPU
		{9CEACD1D-45D4-4E59-B269-DC86356C4557}.Release|Any CPU.ActiveCfg = Release|Any CPU
		{9CEACD1D-45D4-4E59-B269-DC86356C4557}.Release|Any CPU.Build.0 = Release|Any CPU
	EndGlobalSection
	GlobalSection(SolutionProperties) = preSolution
		HideSolutionNode = FALSE
	EndGlobalSection
	GlobalSection(NestedProjects) = preSolution
		{C30B535D-1370-483E-AEC5-3CCD9EA69B26} = {575B3713-FA43-4DDA-A45C-9F141FF2697E}
		{C052D4B4-D089-4E77-BC27-64233CD8170E} = {575B3713-FA43-4DDA-A45C-9F141FF2697E}
		{1FFB38DC-E848-4A86-9BFD-1E78DCC6A98E} = {A5ADB812-9F99-47C8-AF78-0F5BB5745BFE}
		{DF3D5C0C-7E64-43E8-ADA4-B17048A06F25} = {3CF040E1-6090-49BE-8800-5EFDA9991179}
		{E9633D5A-DD62-4B99-A06F-4A25443FD77E} = {40A7AF71-3E57-425C-8DDB-78E3C00EBA9A}
		{B96269C0-B62A-4C08-A727-7C1DA35E926A} = {3CF040E1-6090-49BE-8800-5EFDA9991179}
		{9CEACD1D-45D4-4E59-B269-DC86356C4557} = {3CF040E1-6090-49BE-8800-5EFDA9991179}
	EndGlobalSection
	GlobalSection(ExtensibilityGlobals) = postSolution
		SolutionGuid = {016C9C48-92D7-4603-A23B-D3B8F4B21FDB}
	EndGlobalSection
EndGlobal
